{
    "_meta": {
        "hash": {
            "sha256": "a2d362075d8b3271ae18c6bce59d579426898c02b9c00151d3ab6427da42e73c"
        },
        "pipfile-spec": 6,
        "requires": {
            "python_full_version": "3.11.2",
            "python_version": "3.11"
        },
        "sources": [
            {
                "name": "pypi",
                "url": "https://pypi.org/simple",
                "verify_ssl": true
            }
        ]
    },
    "default": {
        "hid": {
            "hashes": [
                "sha256:11836b877e81ab68cdd3abc44f2e230f0e6146c7e17ac45c185b72e0159fc9c7",
                "sha256:1e954e7f7ab9b7c9dfc78db59504692c17db3b71249492b976b1525b97dbb0e8"
            ],
            "index": "pypi",
            "version": "==1.0.5"
        }
    },
    "develop": {}
}
